# This file is automatically @generated by Cargo.
# It is not intended for manual editing.
[[package]]
name = "fix-ws"
version = "0.3.0"
dependencies = [
 "pico-args",
]

[[package]]
name = "pico-args"
version = "0.3.2"
source = "registry+https://github.com/rust-lang/crates.io-index"
checksum = "6a71836ceac43f0349e3bd964f5bb902f7b003916f32a4ad00354dafc447fa8f"
